{
  "requires": true,
  "lockfileVersion": 1,
  "dependencies": {
    "argparse": {
      "version": "1.0.10",
      "resolved": "https://registry.npmjs.org/argparse/-/argparse-1.0.10.tgz",
      "integrity": "sha512-o5Roy6tNG4SL/FOkCAN6RzjiakZS25RLYFrcMttJqbdd8BWrnA+fGz57iN5Pb06pvBGvl5gQ0B48dJlslXvoTg==",
      "requires": {
        "sprintf-js": "~1.0.2"
      }
    },
    "astronomia": {
      "version": "2.1.3",
      "resolved": "https://registry.npmjs.org/astronomia/-/astronomia-2.1.3.tgz",
      "integrity": "sha512-slRv2h0HlowjWwMbojL4hKcXqiItfx/TNruYmiETw6ATfeSZxBSGv1bo16ruMVKzGGxucL1esh7MYjwXuToS6w=="
    },
    "caldate": {
      "version": "1.1.0",
      "resolved": "https://registry.npmjs.org/caldate/-/caldate-1.1.0.tgz",
      "integrity": "sha512-Z8AF+9Ha/40UBmZXJbb0qQNx6Djv1BySw0o7kcBKuzKmmqK/nUCjW+ez/6fFqWZglPgUXiy0n/zGMncYpKXtmQ==",
      "requires": {
        "moment-timezone": "^0.5.27"
      }
    },
    "date-bengali-revised": {
      "version": "1.0.2",
      "resolved": "https://registry.npmjs.org/date-bengali-revised/-/date-bengali-revised-1.0.2.tgz",
      "integrity": "sha512-HehC0Kcjz+wgTSXAA/ei/Y4QPEg1nCYeZdrBl/o/o1B+iPycvipeTIhff9nXtQUY17nrXLunvOWTzqbR490m2w=="
    },
    "date-chinese": {
      "version": "1.0.7",
      "resolved": "https://registry.npmjs.org/date-chinese/-/date-chinese-1.0.7.tgz",
      "integrity": "sha512-Dx1VG/mSST1yYqZvJvBWxvdDKTlmerZWXopiaPmVKeVFNhTZ20RvMrexg4FPFrCygPrgqTDtB2bEcwFcRoO2ww==",
      "requires": {
        "astronomia": "^2.1.1"
      }
    },
    "date-easter": {
      "version": "0.2.5",
      "resolved": "https://registry.npmjs.org/date-easter/-/date-easter-0.2.5.tgz",
      "integrity": "sha512-pMvZSqQgPBqnUQEHhRMy7f8Dk3KYY/NPFMFHGK4mU+xM1+SX+zc9IoQMcNtS3HuJjCn3mp0GQwBzsZXz3Thjww=="
    },
    "date-holidays": {
      "version": "1.8.3",
      "resolved": "https://registry.npmjs.org/date-holidays/-/date-holidays-1.8.3.tgz",
      "integrity": "sha512-YWx2kckzquxrSfuGuKvEVeKazaJvUZeJjirVhaGoOLJZ29Y+GpgNtyZTf1tsq6z7Dz1jV9h2Aku3crtucD/qBQ==",
      "requires": {
        "date-holidays-parser": "^1.5.0",
        "js-yaml": "^3.14.0",
        "lodash.omit": "^4.5.0",
        "lodash.pick": "^4.4.0",
        "prepin": "^1.0.3"
      }
    },
    "date-holidays-parser": {
      "version": "1.5.0",
      "resolved": "https://registry.npmjs.org/date-holidays-parser/-/date-holidays-parser-1.5.0.tgz",
      "integrity": "sha512-pRD0ITufg/j/x5bcJNyEL3QaoTbCchSDcmCOK7BpqP6yENouIHEqZsbktKCrNPX16LgDU7xhVV8meAVKWx41cA==",
      "requires": {
        "astronomia": "^2.1.3",
        "caldate": "^1.1.0",
        "date-bengali-revised": "^1.0.2",
        "date-chinese": "^1.0.7",
        "date-easter": "^0.2.5",
        "lodash.get": "^4.4.2",
        "lodash.merge": "^4.6.2",
        "lodash.omit": "^4.5.0",
        "lodash.set": "^4.3.2",
        "moment-timezone": "^0.5.31"
      }
    },
    "dayjs": {
      "version": "1.9.6",
      "resolved": "https://registry.npmjs.org/dayjs/-/dayjs-1.9.6.tgz",
      "integrity": "sha512-HngNLtPEBWRo8EFVmHFmSXAjtCX8rGNqeXQI0Gh7wCTSqwaKgPIDqu9m07wABVopNwzvOeCb+2711vQhDlcIXw=="
    },
    "dayjs-business-days": {
      "version": "1.0.4",
      "resolved": "https://registry.npmjs.org/dayjs-business-days/-/dayjs-business-days-1.0.4.tgz",
      "integrity": "sha512-kmb8Hvlhmv7INc2YXWew4SaEBJprqJ9C48CdlO1NTsqQa31ZEcO48ziFa3YFr5W9rdwB1nUmd5iIkLwgCkJ8nA=="
    },
    "esprima": {
      "version": "4.0.1",
      "resolved": "https://registry.npmjs.org/esprima/-/esprima-4.0.1.tgz",
      "integrity": "sha512-eGuFFw7Upda+g4p+QHvnW0RyTX/SVeJBDM/gCtMARO0cLuT2HcEKnTPvhjV6aGeqrCB/sbNop0Kszm0jsaWU4A=="
    },
    "js-yaml": {
      "version": "3.14.0",
      "resolved": "https://registry.npmjs.org/js-yaml/-/js-yaml-3.14.0.tgz",
      "integrity": "sha512-/4IbIeHcD9VMHFqDR/gQ7EdZdLimOvW2DdcxFjdyyZ9NsbS+ccrXqVWDtab/lRl5AlUqmpBx8EhPaWR+OtY17A==",
      "requires": {
        "argparse": "^1.0.7",
        "esprima": "^4.0.0"
      }
    },
    "lodash.get": {
      "version": "4.4.2",
      "resolved": "https://registry.npmjs.org/lodash.get/-/lodash.get-4.4.2.tgz",
      "integrity": "sha1-LRd/ZS+jHpObRDjVNBSZ36OCXpk="
    },
    "lodash.merge": {
      "version": "4.6.2",
      "resolved": "https://registry.npmjs.org/lodash.merge/-/lodash.merge-4.6.2.tgz",
      "integrity": "sha512-0KpjqXRVvrYyCsX1swR/XTK0va6VQkQM6MNo7PqW77ByjAhoARA8EfrP1N4+KlKj8YS0ZUCtRT/YUuhyYDujIQ=="
    },
    "lodash.omit": {
      "version": "4.5.0",
      "resolved": "https://registry.npmjs.org/lodash.omit/-/lodash.omit-4.5.0.tgz",
      "integrity": "sha1-brGa5aHuHdnfC5aeZs4Lf6MLXmA="
    },
    "lodash.pick": {
      "version": "4.4.0",
      "resolved": "https://registry.npmjs.org/lodash.pick/-/lodash.pick-4.4.0.tgz",
      "integrity": "sha1-UvBWEP/53tQiYRRB7R/BI6AwAbM="
    },
    "lodash.set": {
      "version": "4.3.2",
      "resolved": "https://registry.npmjs.org/lodash.set/-/lodash.set-4.3.2.tgz",
      "integrity": "sha1-2HV7HagH3eJIFrDWqEvqGnYjCyM="
    },
    "moment": {
      "version": "2.29.1",
      "resolved": "https://registry.npmjs.org/moment/-/moment-2.29.1.tgz",
      "integrity": "sha512-kHmoybcPV8Sqy59DwNDY3Jefr64lK/by/da0ViFcuA4DH0vQg5Q6Ze5VimxkfQNSC+Mls/Kx53s7TjP1RhFEDQ=="
    },
    "moment-timezone": {
      "version": "0.5.32",
      "resolved": "https://registry.npmjs.org/moment-timezone/-/moment-timezone-0.5.32.tgz",
      "integrity": "sha512-Z8QNyuQHQAmWucp8Knmgei8YNo28aLjJq6Ma+jy1ZSpSk5nyfRT8xgUbSQvD2+2UajISfenndwvFuH3NGS+nvA==",
      "requires": {
        "moment": ">= 2.9.0"
      }
    },
    "prepin": {
      "version": "1.0.3",
      "resolved": "https://registry.npmjs.org/prepin/-/prepin-1.0.3.tgz",
      "integrity": "sha512-0XL2hreherEEvUy0fiaGEfN/ioXFV+JpImqIzQjxk6iBg4jQ2ARKqvC4+BmRD8w/pnpD+lbxvh0Ub+z7yBEjvA=="
    },
    "sprintf-js": {
      "version": "1.0.3",
      "resolved": "https://registry.npmjs.org/sprintf-js/-/sprintf-js-1.0.3.tgz",
      "integrity": "sha1-BOaSb2YolTVPPdAVIDYzuFcpfiw="
    }
  }
}
